
Microsoft Visual Studio Solution File, Format Version 12.00
# Visual Studio Version 17
VisualStudioVersion = 17.0.31903.59
MinimumVisualStudioVersion = 10.0.40219.1
Project("{FAE04EC0-301F-11D3-BF4B-00C04F79EFBC}") = "Quiz", "Quiz\Quiz.csproj", "{85830746-41AD-4270-BB67-ACE0A8F9EC79}"
EndProject
Project("{FAE04EC0-301F-11D3-BF4B-00C04F79EFBC}") = "KeyPressExample", "KeyPressExample\KeyPressExample.csproj", "{43E081D1-8395-4E09-A13D-07F0A145C6C6}"
EndProject
Project("{FAE04EC0-301F-11D3-BF4B-00C04F79EFBC}") = "SimpleMenuExample", "SimpleMenuExample\SimpleMenuExample.csproj", "{964B6304-65AC-4F2F-99BE-F0648DE952D5}"
EndProject
Global
	GlobalSection(SolutionConfigurationPlatforms) = preSolution
		Debug|Any CPU = Debug|Any CPU
		Release|Any CPU = Release|Any CPU
	EndGlobalSection
	GlobalSection(SolutionProperties) = preSolution
		HideSolutionNode = FALSE
	EndGlobalSection
	GlobalSection(ProjectConfigurationPlatforms) = postSolution
		{85830746-41AD-4270-BB67-ACE0A8F9EC79}.Debug|Any CPU.ActiveCfg = Debug|Any CPU
		{85830746-41AD-4270-BB67-ACE0A8F9EC79}.Debug|Any CPU.Build.0 = Debug|Any CPU
		{85830746-41AD-4270-BB67-ACE0A8F9EC79}.Release|Any CPU.ActiveCfg = Release|Any CPU
		{85830746-41AD-4270-BB67-ACE0A8F9EC79}.Release|Any CPU.Build.0 = Release|Any CPU
		{43E081D1-8395-4E09-A13D-07F0A145C6C6}.Debug|Any CPU.ActiveCfg = Debug|Any CPU
		{43E081D1-8395-4E09-A13D-07F0A145C6C6}.Debug|Any CPU.Build.0 = Debug|Any CPU
		{43E081D1-8395-4E09-A13D-07F0A145C6C6}.Release|Any CPU.ActiveCfg = Release|Any CPU
		{43E081D1-8395-4E09-A13D-07F0A145C6C6}.Release|Any CPU.Build.0 = Release|Any CPU
		{964B6304-65AC-4F2F-99BE-F0648DE952D5}.Debug|Any CPU.ActiveCfg = Debug|Any CPU
		{964B6304-65AC-4F2F-99BE-F0648DE952D5}.Debug|Any CPU.Build.0 = Debug|Any CPU
		{964B6304-65AC-4F2F-99BE-F0648DE952D5}.Release|Any CPU.ActiveCfg = Release|Any CPU
		{964B6304-65AC-4F2F-99BE-F0648DE952D5}.Release|Any CPU.Build.0 = Release|Any CPU
	EndGlobalSection
EndGlobal
