
Microsoft Visual Studio Solution File, Format Version 12.00
# Visual Studio Version 17
VisualStudioVersion = 17.5.002.0
MinimumVisualStudioVersion = 10.0.40219.1
Project("{9A19103F-16F7-4668-BE54-9A1E7A4F7556}") = "Quiz", "Quiz.csproj", "{2213F069-F582-48AC-88F5-B4C640A42835}"
EndProject
Global
	GlobalSection(SolutionConfigurationPlatforms) = preSolution
		Debug|Any CPU = Debug|Any CPU
		Release|Any CPU = Release|Any CPU
	EndGlobalSection
	GlobalSection(ProjectConfigurationPlatforms) = postSolution
		{2213F069-F582-48AC-88F5-B4C640A42835}.Debug|Any CPU.ActiveCfg = Debug|Any CPU
		{2213F069-F582-48AC-88F5-B4C640A42835}.Debug|Any CPU.Build.0 = Debug|Any CPU
		{2213F069-F582-48AC-88F5-B4C640A42835}.Release|Any CPU.ActiveCfg = Release|Any CPU
		{2213F069-F582-48AC-88F5-B4C640A42835}.Release|Any CPU.Build.0 = Release|Any CPU
	EndGlobalSection
	GlobalSection(SolutionProperties) = preSolution
		HideSolutionNode = FALSE
	EndGlobalSection
	GlobalSection(ExtensibilityGlobals) = postSolution
		SolutionGuid = {C24FDEF9-1B7C-46EF-9380-07650871CB2D}
	EndGlobalSection
EndGlobal
